lockfileVersion: 5.3

specifiers:
  '@element-plus/icons': ^0.0.11
  '@vitejs/plugin-vue': ^1.10.0
  '@vue/compiler-sfc': ^3.2.22
  dayjs: ^1.10.7
  element-plus: 1.2.0-beta.3
  ky: ^0.28.7
  lodash: ^4.17.21
  unplugin-element-plus: ^0.1.3
  unplugin-vue-components: 0.17.0
  vite: ^2.6.14
  vite-plugin-compression: ^0.3.5
  vite-plugin-windicss: ^1.5.1
  vue: ^3.2.22
  vue-router: ^4.0.12
  windicss: ^3.2.1

dependencies:
  '@element-plus/icons': 0.0.11
  dayjs: 1.10.7
  element-plus: 1.2.0-beta.3_vue@3.2.22
  ky: 0.28.7
  lodash: 4.17.21
  vue: 3.2.22
  vue-router: 4.0.12_vue@3.2.22

devDependencies:
  '@vitejs/plugin-vue': 1.10.0_vite@2.6.14
  '@vue/compiler-sfc': 3.2.22
  unplugin-element-plus: 0.1.3_vite@2.6.14+vue@3.2.22
  unplugin-vue-components: 0.17.0_vite@2.6.14+vue@3.2.22
  vite: 2.6.14
  vite-plugin-compression: 0.3.5_vite@2.6.14
  vite-plugin-windicss: 1.5.1_vite@2.6.14
  windicss: 3.2.1

packages:

  /@antfu/utils/0.3.0:
    resolution: {integrity: sha512-UU8TLr/EoXdg7OjMp0h9oDoIAVr+Z/oW9cpOxQQyrsz6Qzd2ms/1CdWx8fl2OQdFpxGmq5Vc4TwfLHId6nAZjA==}
    dependencies:
      '@types/throttle-debounce': 2.1.0
    dev: true

  /@babel/parser/7.16.4:
    resolution: {integrity: sha512-6V0qdPUaiVHH3RtZeLIsc+6pDhbYzHR8ogA8w+f+Wc77DuXto19g2QUwveINoS34Uw+W8/hQDGJCx+i4n7xcng==}
    engines: {node: '>=6.0.0'}
    hasBin: true

  /@element-plus/icons/0.0.11:
    resolution: {integrity: sha512-iKQXSxXu131Ai+I9Ymtcof9WId7kaXvB1+WRfAfpQCW7UiAMYgdNDqb/u0hgTo2Yq3MwC4MWJnNuTBEpG8r7+A==}
    dev: false

  /@nodelib/fs.scandir/2.1.5:
    resolution: {integrity: sha512-vq24Bq3ym5HEQm2NKCr3yXDwjc7vTsEThRDnkp2DK9p1uqLR+DHurm/NOTo0KG7HYHU7eppKZj3MyqYuMBf62g==}
    engines: {node: '>= 8'}
    dependencies:
      '@nodelib/fs.stat': 2.0.5
      run-parallel: 1.2.0
    dev: true

  /@nodelib/fs.stat/2.0.5:
    resolution: {integrity: sha512-RkhPPp2zrqDAQA/2jNhnztcPAlv64XdhIp7a7454A5ovI7Bukxgt7MX7udwAu3zg1DcpPU0rz3VV1SeaqvY4+A==}
    engines: {node: '>= 8'}
    dev: true

  /@nodelib/fs.walk/1.2.8:
    resolution: {integrity: sha512-oGB+UxlgWcgQkgwo8GcEGwemoTFt3FIO9ababBmaGwXIoBKZ+GTy0pP185beGg7Llih/NSHSV2XAs1lnznocSg==}
    engines: {node: '>= 8'}
    dependencies:
      '@nodelib/fs.scandir': 2.1.5
      fastq: 1.13.0
    dev: true

  /@popperjs/core/2.10.2:
    resolution: {integrity: sha512-IXf3XA7+XyN7CP9gGh/XB0UxVMlvARGEgGXLubFICsUMGz6Q+DU+i4gGlpOxTjKvXjkJDJC8YdqdKkDj9qZHEQ==}
    dev: false

  /@rollup/pluginutils/4.1.1:
    resolution: {integrity: sha512-clDjivHqWGXi7u+0d2r2sBi4Ie6VLEAzWMIkvJLnDmxoOhBYOTfzGbOQBA32THHm11/LiJbd01tJUpJsbshSWQ==}
    engines: {node: '>= 8.0.0'}
    dependencies:
      estree-walker: 2.0.2
      picomatch: 2.3.0
    dev: true

  /@types/throttle-debounce/2.1.0:
    resolution: {integrity: sha512-5eQEtSCoESnh2FsiLTxE121IiE60hnMqcb435fShf4bpLRjEu1Eoekht23y6zXS9Ts3l+Szu3TARnTsA0GkOkQ==}
    dev: true

  /@vitejs/plugin-vue/1.10.0_vite@2.6.14:
    resolution: {integrity: sha512-XkSN7lduhQ3z/WMXv2spqt9TCS0znCjnvIGmbud2bxViWWWR4JWXE+x/cQZ/klR0Ug4Ts9eubL7LXAysON5Uvg==}
    engines: {node: '>=12.0.0'}
    peerDependencies:
      vite: ^2.5.10
    dependencies:
      vite: 2.6.14
    dev: true

  /@vue/compiler-core/3.2.22:
    resolution: {integrity: sha512-uAkovrVeTcjzpiM4ECmVaMrv/bjdgAaLzvjcGqQPBEyUrcqsCgccT9fHJ/+hWVGhyMahmBwLqcn4guULNx7sdw==}
    dependencies:
      '@babel/parser': 7.16.4
      '@vue/shared': 3.2.22
      estree-walker: 2.0.2
      source-map: 0.6.1

  /@vue/compiler-dom/3.2.22:
    resolution: {integrity: sha512-VZdsw/VuO1ODs8K7NQwnMQzKITDkIFlYYC03SVnunuf6eNRxBPEonSyqbWNoo6qNaHAEBTG6VVcZC5xC9bAx1g==}
    dependencies:
      '@vue/compiler-core': 3.2.22
      '@vue/shared': 3.2.22

  /@vue/compiler-sfc/3.2.22:
    resolution: {integrity: sha512-tWRQ5ge1tsTDhUwHgueicKJ8rYm6WUVAPTaIpFW3GSwZKcOEJ2rXdfkHFShNVGupeRALz2ET2H84OL0GeRxY0A==}
    dependencies:
      '@babel/parser': 7.16.4
      '@vue/compiler-core': 3.2.22
      '@vue/compiler-dom': 3.2.22
      '@vue/compiler-ssr': 3.2.22
      '@vue/ref-transform': 3.2.22
      '@vue/shared': 3.2.22
      estree-walker: 2.0.2
      magic-string: 0.25.7
      postcss: 8.3.11
      source-map: 0.6.1

  /@vue/compiler-ssr/3.2.22:
    resolution: {integrity: sha512-Cl6aoLJtXzzBkk1sKod8S0WBJLts3+ugVC91d22gGpbkw/64WnF12tOZi7Rg54PPLi1NovqyNWPsLH/SAFcu+w==}
    dependencies:
      '@vue/compiler-dom': 3.2.22
      '@vue/shared': 3.2.22

  /@vue/devtools-api/6.0.0-beta.20.1:
    resolution: {integrity: sha512-R2rfiRY+kZugzWh9ZyITaovx+jpU4vgivAEAiz80kvh3yviiTU3CBuGuyWpSwGz9/C7TkSWVM/FtQRGlZ16n8Q==}
    dev: false

  /@vue/reactivity/3.2.22:
    resolution: {integrity: sha512-xNkLAItjI0xB+lFeDgKCrSItmrHTaAzSnt8LmdSCPQnDyarmzbi/u4ESQnckWvlL7lSRKiEaOvblaNyqAa7OnQ==}
    dependencies:
      '@vue/shared': 3.2.22
    dev: false

  /@vue/ref-transform/3.2.22:
    resolution: {integrity: sha512-qalVWbq5xWWxLZ0L9OroBg/JZhzavQuCcDXblfErxyDEH6Xc5gIJ4feo1SVCICFzhAUgLgQTdSFLpgjBawbFpw==}
    dependencies:
      '@babel/parser': 7.16.4
      '@vue/compiler-core': 3.2.22
      '@vue/shared': 3.2.22
      estree-walker: 2.0.2
      magic-string: 0.25.7

  /@vue/runtime-core/3.2.22:
    resolution: {integrity: sha512-e7WOC55wmHPvmoVUk9VBe/Z9k5bJfWJfVIlkUkiADJn0bOgQD29oh/GS14Kb3aEJXIHLI17Em6+HxNut1sIh7Q==}
    dependencies:
      '@vue/reactivity': 3.2.22
      '@vue/shared': 3.2.22
    dev: false

  /@vue/runtime-dom/3.2.22:
    resolution: {integrity: sha512-w7VHYJoliLRTLc5beN77wxuOjla4v9wr2FF22xpZFYBmH4U1V7HkYhoHc1BTuNghI15CXT1tNIMhibI1nrQgdw==}
    dependencies:
      '@vue/runtime-core': 3.2.22
      '@vue/shared': 3.2.22
      csstype: 2.6.19
    dev: false

  /@vue/server-renderer/3.2.22_vue@3.2.22:
    resolution: {integrity: sha512-jCwbQgKPXiXoH9VS9F7K+gyEvEMrjutannwEZD1R8fQ9szmOTqC+RRbIY3Uf2ibQjZtZ8DV9a4FjxICvd9zZlQ==}
    peerDependencies:
      vue: 3.2.22
    dependencies:
      '@vue/compiler-ssr': 3.2.22
      '@vue/shared': 3.2.22
      vue: 3.2.22
    dev: false

  /@vue/shared/3.2.22:
    resolution: {integrity: sha512-qWVav014mpjEtbWbEgl0q9pEyrrIySKum8UVYjwhC6njrKzknLZPvfuYdQyVbApsqr94tf/3dP4pCuZmmjdCWQ==}

  /@vueuse/core/6.9.2_vue@3.2.22:
    resolution: {integrity: sha512-FRwl4ccSFuHZBHLGgS9TMv/+Dd6XFaL4o9nph2qtgQIV+z29RBFokw08XjHfykiENRzB01MjYHJ7iRUnsIFQXg==}
    peerDependencies:
      '@vue/composition-api': ^1.1.0
      vue: ^2.6.0 || ^3.2.0
    peerDependenciesMeta:
      '@vue/composition-api':
        optional: true
      vue:
        optional: true
    dependencies:
      '@vueuse/shared': 6.9.2_vue@3.2.22
      vue: 3.2.22
      vue-demi: 0.12.1_vue@3.2.22
    dev: false

  /@vueuse/shared/6.9.2_vue@3.2.22:
    resolution: {integrity: sha512-lAiMh6XROs0kSKVd0Yb/6GKoQMxC1fYrFDi6opvQWISPtcqRNluRrQxLUZ3WTI78ovtoKRLktjhkFAtydcfFDg==}
    peerDependencies:
      '@vue/composition-api': ^1.1.0
      vue: ^2.6.0 || ^3.2.0
    peerDependenciesMeta:
      '@vue/composition-api':
        optional: true
      vue:
        optional: true
    dependencies:
      vue: 3.2.22
      vue-demi: 0.12.1_vue@3.2.22
    dev: false

  /@windicss/config/1.5.1:
    resolution: {integrity: sha512-nWNgvvJj9RcYhLcqwju/Z8FfaHRjyWHDYS3IgY7lWUM+vWTLFuKqhavKfC1589kdYjiO9JeX07Vg+YzfcxP0Yw==}
    dependencies:
      debug: 4.3.2
      jiti: 1.12.9
      windicss: 3.2.1
    transitivePeerDependencies:
      - supports-color
    dev: true

  /@windicss/plugin-utils/1.5.1:
    resolution: {integrity: sha512-gxJiTCMKv1p1x4W2BLG2yfNe+DfIVPc8+aKvfCUCtOpdg5GB5yzhuAC4ROsKiXHxu4QXoojrh7jXH6ELlrELpQ==}
    dependencies:
      '@antfu/utils': 0.3.0
      '@windicss/config': 1.5.1
      debug: 4.3.2
      fast-glob: 3.2.7
      magic-string: 0.25.7
      micromatch: 4.0.4
      windicss: 3.2.1
    transitivePeerDependencies:
      - supports-color
    dev: true

  /ansi-styles/4.3.0:
    resolution: {integrity: sha512-zbB9rCJAT1rbjiVDb2hqKFHNYLxgtk8NURxZ3IZwD3F6NtxbXZQCnnSi1Lkx+IDohdPlFp222wVALIheZJQSEg==}
    engines: {node: '>=8'}
    dependencies:
      color-convert: 2.0.1
    dev: true

  /anymatch/3.1.2:
    resolution: {integrity: sha512-P43ePfOAIupkguHUycrc4qJ9kz8ZiuOUijaETwX7THt0Y/GNK7v0aa8rY816xWjZ7rJdA5XdMcpVFTKMq+RvWg==}
    engines: {node: '>= 8'}
    dependencies:
      normalize-path: 3.0.0
      picomatch: 2.3.0
    dev: true

  /async-validator/4.0.7:
    resolution: {integrity: sha512-Pj2IR7u8hmUEDOwB++su6baaRi+QvsgajuFB9j95foM1N2gy5HM4z60hfusIO0fBPG5uLAEl6yCJr1jNSVugEQ==}
    dev: false

  /balanced-match/1.0.2:
    resolution: {integrity: sha512-3oSeUO0TMV67hN1AmbXsK4yaqU7tjiHlbxRDZOpH0KW9+CeX4bRAaX0Anxt0tx2MrpRpWwQaPwIlISEJhYU5Pw==}
    dev: true

  /binary-extensions/2.2.0:
    resolution: {integrity: sha512-jDctJ/IVQbZoJykoeHbhXpOlNBqGNcwXJKJog42E5HDPUwQTSdjCHdihjj0DlnheQ7blbT6dHOafNAiS8ooQKA==}
    engines: {node: '>=8'}
    dev: true

  /brace-expansion/1.1.11:
    resolution: {integrity: sha512-iCuPHDFgrHX7H2vEI/5xpz07zSHB00TpugqhmYtVmMO6518mCuRMoOYFldEBl0g187ufozdaHgWKcYFb61qGiA==}
    dependencies:
      balanced-match: 1.0.2
      concat-map: 0.0.1
    dev: true

  /braces/3.0.2:
    resolution: {integrity: sha512-b8um+L1RzM3WDSzvhm6gIz1yfTbBt6YTlcEKAvsmqCZZFw46z626lVj9j1yEPW33H5H+lBQpZMP1k8l+78Ha0A==}
    engines: {node: '>=8'}
    dependencies:
      fill-range: 7.0.1
    dev: true

  /builtins/4.0.0:
    resolution: {integrity: sha512-qC0E2Dxgou1IHhvJSLwGDSTvokbRovU5zZFuDY6oY8Y2lF3nGt5Ad8YZK7GMtqzY84Wu7pXTPeHQeHcXSXsRhw==}
    dependencies:
      semver: 7.3.5
    dev: true

  /chalk/4.1.2:
    resolution: {integrity: sha512-oKnbhFyRIXpUuez8iBMmyEa4nbj4IOQyuhc/wy9kY7/WVPcwIO9VA668Pu8RkO7+0G76SLROeyw9CpQ061i4mA==}
    engines: {node: '>=10'}
    dependencies:
      ansi-styles: 4.3.0
      supports-color: 7.2.0
    dev: true

  /chokidar/3.5.2:
    resolution: {integrity: sha512-ekGhOnNVPgT77r4K/U3GDhu+FQ2S8TnK/s2KbIGXi0SZWuwkZ2QNyfWdZW+TVfn84DpEP7rLeCt2UI6bJ8GwbQ==}
    engines: {node: '>= 8.10.0'}
    dependencies:
      anymatch: 3.1.2
      braces: 3.0.2
      glob-parent: 5.1.2
      is-binary-path: 2.1.0
      is-glob: 4.0.3
      normalize-path: 3.0.0
      readdirp: 3.6.0
    optionalDependencies:
      fsevents: 2.3.2
    dev: true

  /color-convert/2.0.1:
    resolution: {integrity: sha512-RRECPsj7iu/xb5oKYcsFHSppFNnsj/52OVTRKb4zP5onXwVF3zVmmToNcOfGC+CRDpfK/U584fMg38ZHCaElKQ==}
    engines: {node: '>=7.0.0'}
    dependencies:
      color-name: 1.1.4
    dev: true

  /color-name/1.1.4:
    resolution: {integrity: sha512-dOy+3AuW3a2wNbZHIuMZpTcgjGuLU/uBL/ubcZF9OXbDo8ff4O8yVp5Bf0efS8uEoYo5q4Fx7dY9OgQGXgAsQA==}
    dev: true

  /concat-map/0.0.1:
    resolution: {integrity: sha1-2Klr13/Wjfd5OnMDajug1UBdR3s=}
    dev: true

  /csstype/2.6.19:
    resolution: {integrity: sha512-ZVxXaNy28/k3kJg0Fou5MiYpp88j7H9hLZp8PDC3jV0WFjfH5E9xHb56L0W59cPbKbcHXeP4qyT8PrHp8t6LcQ==}
    dev: false

  /dayjs/1.10.7:
    resolution: {integrity: sha512-P6twpd70BcPK34K26uJ1KT3wlhpuOAPoMwJzpsIWUxHZ7wpmbdZL/hQqBDfz7hGurYSa5PhzdhDHtt319hL3ig==}
    dev: false

  /debug/4.3.2:
    resolution: {integrity: sha512-mOp8wKcvj7XxC78zLgw/ZA+6TSgkoE2C/ienthhRD298T7UNwAg9diBpLRxC0mOezLl4B0xV7M0cCO6P/O0Xhw==}
    engines: {node: '>=6.0'}
    peerDependencies:
      supports-color: '*'
    peerDependenciesMeta:
      supports-color:
        optional: true
    dependencies:
      ms: 2.1.2
    dev: true

  /element-plus/1.2.0-beta.3_vue@3.2.22:
    resolution: {integrity: sha512-vvUxR3uL2k9K+WCWz/98hq4uPQ6jvfGf0hfzWvao7pySJkNQq9DtRPC6/4/zUceA/J6Y2Yo3xSbR19JRCwurRw==}
    peerDependencies:
      vue: ^3.2.0
    dependencies:
      '@element-plus/icons': 0.0.11
      '@popperjs/core': 2.10.2
      '@vueuse/core': 6.9.2_vue@3.2.22
      async-validator: 4.0.7
      dayjs: 1.10.7
      lodash: 4.17.21
      memoize-one: 6.0.0
      normalize-wheel-es: 1.1.1
      vue: 3.2.22
    transitivePeerDependencies:
      - '@vue/composition-api'
    dev: false

  /es-module-lexer/0.9.3:
    resolution: {integrity: sha512-1HQ2M2sPtxwnvOvT1ZClHyQDiggdNjURWpY2we6aMKCQiUVxTmVs2UYPLIrD84sS+kMdUwfBSylbJPwNnBrnHQ==}
    dev: true

  /esbuild-android-arm64/0.13.15:
    resolution: {integrity: sha512-m602nft/XXeO8YQPUDVoHfjyRVPdPgjyyXOxZ44MK/agewFFkPa8tUo6lAzSWh5Ui5PB4KR9UIFTSBKh/RrCmg==}
    cpu: [arm64]
    os: [android]
    requiresBuild: true
    dev: true
    optional: true

  /esbuild-darwin-64/0.13.15:
    resolution: {integrity: sha512-ihOQRGs2yyp7t5bArCwnvn2Atr6X4axqPpEdCFPVp7iUj4cVSdisgvEKdNR7yH3JDjW6aQDw40iQFoTqejqxvQ==}
    cpu: [x64]
    os: [darwin]
    requiresBuild: true
    dev: true
    optional: true

  /esbuild-darwin-arm64/0.13.15:
    resolution: {integrity: sha512-i1FZssTVxUqNlJ6cBTj5YQj4imWy3m49RZRnHhLpefFIh0To05ow9DTrXROTE1urGTQCloFUXTX8QfGJy1P8dQ==}
    cpu: [arm64]
    os: [darwin]
    requiresBuild: true
    dev: true
    optional: true

  /esbuild-freebsd-64/0.13.15:
    resolution: {integrity: sha512-G3dLBXUI6lC6Z09/x+WtXBXbOYQZ0E8TDBqvn7aMaOCzryJs8LyVXKY4CPnHFXZAbSwkCbqiPuSQ1+HhrNk7EA==}
    cpu: [x64]
    os: [freebsd]
    requiresBuild: true
    dev: true
    optional: true

  /esbuild-freebsd-arm64/0.13.15:
    resolution: {integrity: sha512-KJx0fzEDf1uhNOZQStV4ujg30WlnwqUASaGSFPhznLM/bbheu9HhqZ6mJJZM32lkyfGJikw0jg7v3S0oAvtvQQ==}
    cpu: [arm64]
    os: [freebsd]
    requiresBuild: true
    dev: true
    optional: true

  /esbuild-linux-32/0.13.15:
    resolution: {integrity: sha512-ZvTBPk0YWCLMCXiFmD5EUtB30zIPvC5Itxz0mdTu/xZBbbHJftQgLWY49wEPSn2T/TxahYCRDWun5smRa0Tu+g==}
    cpu: [ia32]
    os: [linux]
    requiresBuild: true
    dev: true
    optional: true

  /esbuild-linux-64/0.13.15:
    resolution: {integrity: sha512-eCKzkNSLywNeQTRBxJRQ0jxRCl2YWdMB3+PkWFo2BBQYC5mISLIVIjThNtn6HUNqua1pnvgP5xX0nHbZbPj5oA==}
    cpu: [x64]
    os: [linux]
    requiresBuild: true
    dev: true
    optional: true

  /esbuild-linux-arm/0.13.15:
    resolution: {integrity: sha512-wUHttDi/ol0tD8ZgUMDH8Ef7IbDX+/UsWJOXaAyTdkT7Yy9ZBqPg8bgB/Dn3CZ9SBpNieozrPRHm0BGww7W/jA==}
    cpu: [arm]
    os: [linux]
    requiresBuild: true
    dev: true
    optional: true

  /esbuild-linux-arm64/0.13.15:
    resolution: {integrity: sha512-bYpuUlN6qYU9slzr/ltyLTR9YTBS7qUDymO8SV7kjeNext61OdmqFAzuVZom+OLW1HPHseBfJ/JfdSlx8oTUoA==}
    cpu: [arm64]
    os: [linux]
    requiresBuild: true
    dev: true
    optional: true

  /esbuild-linux-mips64le/0.13.15:
    resolution: {integrity: sha512-KlVjIG828uFPyJkO/8gKwy9RbXhCEUeFsCGOJBepUlpa7G8/SeZgncUEz/tOOUJTcWMTmFMtdd3GElGyAtbSWg==}
    cpu: [mips64el]
    os: [linux]
    requiresBuild: true
    dev: true
    optional: true

  /esbuild-linux-ppc64le/0.13.15:
    resolution: {integrity: sha512-h6gYF+OsaqEuBjeesTBtUPw0bmiDu7eAeuc2OEH9S6mV9/jPhPdhOWzdeshb0BskRZxPhxPOjqZ+/OqLcxQwEQ==}
    cpu: [ppc64]
    os: [linux]
    requiresBuild: true
    dev: true
    optional: true

  /esbuild-netbsd-64/0.13.15:
    resolution: {integrity: sha512-3+yE9emwoevLMyvu+iR3rsa+Xwhie7ZEHMGDQ6dkqP/ndFzRHkobHUKTe+NCApSqG5ce2z4rFu+NX/UHnxlh3w==}
    cpu: [x64]
    os: [netbsd]
    requiresBuild: true
    dev: true
    optional: true

  /esbuild-openbsd-64/0.13.15:
    resolution: {integrity: sha512-wTfvtwYJYAFL1fSs8yHIdf5GEE4NkbtbXtjLWjM3Cw8mmQKqsg8kTiqJ9NJQe5NX/5Qlo7Xd9r1yKMMkHllp5g==}
    cpu: [x64]
    os: [openbsd]
    requiresBuild: true
    dev: true
    optional: true

  /esbuild-sunos-64/0.13.15:
    resolution: {integrity: sha512-lbivT9Bx3t1iWWrSnGyBP9ODriEvWDRiweAs69vI+miJoeKwHWOComSRukttbuzjZ8r1q0mQJ8Z7yUsDJ3hKdw==}
    cpu: [x64]
    os: [sunos]
    requiresBuild: true
    dev: true
    optional: true

  /esbuild-windows-32/0.13.15:
    resolution: {integrity: sha512-fDMEf2g3SsJ599MBr50cY5ve5lP1wyVwTe6aLJsM01KtxyKkB4UT+fc5MXQFn3RLrAIAZOG+tHC+yXObpSn7Nw==}
    cpu: [ia32]
    os: [win32]
    requiresBuild: true
    dev: true
    optional: true

  /esbuild-windows-64/0.13.15:
    resolution: {integrity: sha512-9aMsPRGDWCd3bGjUIKG/ZOJPKsiztlxl/Q3C1XDswO6eNX/Jtwu4M+jb6YDH9hRSUflQWX0XKAfWzgy5Wk54JQ==}
    cpu: [x64]
    os: [win32]
    requiresBuild: true
    dev: true
    optional: true

  /esbuild-windows-arm64/0.13.15:
    resolution: {integrity: sha512-zzvyCVVpbwQQATaf3IG8mu1IwGEiDxKkYUdA4FpoCHi1KtPa13jeScYDjlW0Qh+ebWzpKfR2ZwvqAQkSWNcKjA==}
    cpu: [arm64]
    os: [win32]
    requiresBuild: true
    dev: true
    optional: true

  /esbuild/0.13.15:
    resolution: {integrity: sha512-raCxt02HBKv8RJxE8vkTSCXGIyKHdEdGfUmiYb8wnabnaEmHzyW7DCHb5tEN0xU8ryqg5xw54mcwnYkC4x3AIw==}
    hasBin: true
    requiresBuild: true
    optionalDependencies:
      esbuild-android-arm64: 0.13.15
      esbuild-darwin-64: 0.13.15
      esbuild-darwin-arm64: 0.13.15
      esbuild-freebsd-64: 0.13.15
      esbuild-freebsd-arm64: 0.13.15
      esbuild-linux-32: 0.13.15
      esbuild-linux-64: 0.13.15
      esbuild-linux-arm: 0.13.15
      esbuild-linux-arm64: 0.13.15
      esbuild-linux-mips64le: 0.13.15
      esbuild-linux-ppc64le: 0.13.15
      esbuild-netbsd-64: 0.13.15
      esbuild-openbsd-64: 0.13.15
      esbuild-sunos-64: 0.13.15
      esbuild-windows-32: 0.13.15
      esbuild-windows-64: 0.13.15
      esbuild-windows-arm64: 0.13.15
    dev: true

  /estree-walker/2.0.2:
    resolution: {integrity: sha512-Rfkk/Mp/DL7JVje3u18FxFujQlTNR2q6QfMSMB7AvCBx91NGj/ba3kCfza0f6dVDbw7YlRf/nDrn7pQrCCyQ/w==}

  /fast-glob/3.2.7:
    resolution: {integrity: sha512-rYGMRwip6lUMvYD3BTScMwT1HtAs2d71SMv66Vrxs0IekGZEjhM0pcMfjQPnknBt2zeCwQMEupiN02ZP4DiT1Q==}
    engines: {node: '>=8'}
    dependencies:
      '@nodelib/fs.stat': 2.0.5
      '@nodelib/fs.walk': 1.2.8
      glob-parent: 5.1.2
      merge2: 1.4.1
      micromatch: 4.0.4
    dev: true

  /fastq/1.13.0:
    resolution: {integrity: sha512-YpkpUnK8od0o1hmeSc7UUs/eB/vIPWJYjKck2QKIzAf71Vm1AAQ3EbuZB3g2JIy+pg+ERD0vqI79KyZiB2e2Nw==}
    dependencies:
      reusify: 1.0.4
    dev: true

  /fill-range/7.0.1:
    resolution: {integrity: sha512-qOo9F+dMUmC2Lcb4BbVvnKJxTPjCm+RRpe4gDuGrzkL7mEVl/djYSu2OdQ2Pa302N4oqkSg9ir6jaLWJ2USVpQ==}
    engines: {node: '>=8'}
    dependencies:
      to-regex-range: 5.0.1
    dev: true

  /fs-extra/10.0.0:
    resolution: {integrity: sha512-C5owb14u9eJwizKGdchcDUQeFtlSHHthBk8pbX9Vc1PFZrLombudjDnNns88aYslCyF6IY5SUw3Roz6xShcEIQ==}
    engines: {node: '>=12'}
    dependencies:
      graceful-fs: 4.2.8
      jsonfile: 6.1.0
      universalify: 2.0.0
    dev: true

  /fsevents/2.3.2:
    resolution: {integrity: sha512-xiqMQR4xAeHTuB9uWm+fFRcIOgKBMiOBP+eXiyT7jsgVCq1bkVygt00oASowB7EdtpOHaaPgKt812P9ab+DDKA==}
    engines: {node: ^8.16.0 || ^10.6.0 || >=11.0.0}
    os: [darwin]
    requiresBuild: true
    dev: true
    optional: true

  /function-bind/1.1.1:
    resolution: {integrity: sha512-yIovAzMX49sF8Yl58fSCWJ5svSLuaibPxXQJFLmBObTuCr0Mf1KiPopGM9NiFjiYBCbfaa2Fh6breQ6ANVTI0A==}
    dev: true

  /glob-parent/5.1.2:
    resolution: {integrity: sha512-AOIgSQCepiJYwP3ARnGx+5VnTu2HBYdzbGP45eLw1vr3zB3vZLeyed1sC9hnbcOc9/SrMyM5RPQrkGz4aS9Zow==}
    engines: {node: '>= 6'}
    dependencies:
      is-glob: 4.0.3
    dev: true

  /graceful-fs/4.2.8:
    resolution: {integrity: sha512-qkIilPUYcNhJpd33n0GBXTB1MMPp14TxEsEs0pTrsSVucApsYzW5V+Q8Qxhik6KU3evy+qkAAowTByymK0avdg==}
    dev: true

  /has-flag/4.0.0:
    resolution: {integrity: sha512-EykJT/Q1KjTWctppgIAgfSO0tKVuZUjhgMr17kqTumMl6Afv3EISleU7qZUzoXDFTAHTDC4NOoG/ZxU3EvlMPQ==}
    engines: {node: '>=8'}
    dev: true

  /has/1.0.3:
    resolution: {integrity: sha512-f2dvO0VU6Oej7RkWJGrehjbzMAjFp5/VKPp5tTpWIV4JHHZK1/BxbFRtf/siA2SWTe09caDmVtYYzWEIbBS4zw==}
    engines: {node: '>= 0.4.0'}
    dependencies:
      function-bind: 1.1.1
    dev: true

  /import-meta-resolve/1.1.1:
    resolution: {integrity: sha512-JiTuIvVyPaUg11eTrNDx5bgQ/yMKMZffc7YSjvQeSMXy58DO2SQ8BtAf3xteZvmzvjYh14wnqNjL8XVeDy2o9A==}
    dependencies:
      builtins: 4.0.0
    dev: true

  /is-binary-path/2.1.0:
    resolution: {integrity: sha512-ZMERYes6pDydyuGidse7OsHxtbI7WVeUEozgR/g7rd0xUimYNlvZRE/K2MgZTjWy725IfelLeVcEM97mmtRGXw==}
    engines: {node: '>=8'}
    dependencies:
      binary-extensions: 2.2.0
    dev: true

  /is-core-module/2.8.0:
    resolution: {integrity: sha512-vd15qHsaqrRL7dtH6QNuy0ndJmRDrS9HAM1CAiSifNUFv4x1a0CCVsj18hJ1mShxIG6T2i1sO78MkP56r0nYRw==}
    dependencies:
      has: 1.0.3
    dev: true

  /is-extglob/2.1.1:
    resolution: {integrity: sha1-qIwCU1eR8C7TfHahueqXc8gz+MI=}
    engines: {node: '>=0.10.0'}
    dev: true

  /is-glob/4.0.3:
    resolution: {integrity: sha512-xelSayHH36ZgE7ZWhli7pW34hNbNl8Ojv5KVmkJD4hBdD3th8Tfk9vYasLM+mXWOZhFkgZfxhLSnrwRr4elSSg==}
    engines: {node: '>=0.10.0'}
    dependencies:
      is-extglob: 2.1.1
    dev: true

  /is-number/7.0.0:
    resolution: {integrity: sha512-41Cifkg6e8TylSpdtTpeLVMqvSBEVzTttHvERD741+pnZ8ANv0004MRL43QKPDlK9cGvNp6NZWZUBlbGXYxxng==}
    engines: {node: '>=0.12.0'}
    dev: true

  /jiti/1.12.9:
    resolution: {integrity: sha512-TdcJywkQtcwLxogc4rSMAi479G2eDPzfW0fLySks7TPhgZZ4s/tM6stnzayIh3gS/db3zExWJyUx4cNWrwAmoQ==}
    hasBin: true
    dev: true

  /jsonfile/6.1.0:
    resolution: {integrity: sha512-5dgndWOriYSm5cnYaJNhalLNDKOqFwyDB/rr1E9ZsGciGvKPs8R2xYGCacuf3z6K1YKDz182fd+fY3cn3pMqXQ==}
    dependencies:
      universalify: 2.0.0
    optionalDependencies:
      graceful-fs: 4.2.8
    dev: true

  /ky/0.28.7:
    resolution: {integrity: sha512-a23i6qSr/ep15vdtw/zyEQIDLoUaKDg9Jf04CYl/0ns/wXNYna26zJpI+MeIFaPeDvkrjLPrKtKOiiI3IE53RQ==}
    engines: {node: '>=12'}
    dev: false

  /local-pkg/0.1.0:
    resolution: {integrity: sha512-WsR2tHvRGIxcC2clC30ECb5fjywzsjQagaHIy1+ykZaHz0ByoB0OL2riHqIYA5YYnensRXLszwbzHkhKzehZDg==}
    dependencies:
      mlly: 0.2.10
    dev: true

  /lodash/4.17.21:
    resolution: {integrity: sha512-v2kDEe57lecTulaDIuNTPy3Ry4gLGJ6Z1O3vE1krgXZNrsQ+LFTGHVxVjcXPs17LhbZVGedAJv8XZ1tvj5FvSg==}
    dev: false

  /lru-cache/6.0.0:
    resolution: {integrity: sha512-Jo6dJ04CmSjuznwJSS3pUeWmd/H0ffTlkXXgwZi+eq1UCmqQwCh+eLsYOYCwY991i2Fah4h1BEMCx4qThGbsiA==}
    engines: {node: '>=10'}
    dependencies:
      yallist: 4.0.0
    dev: true

  /magic-string/0.25.7:
    resolution: {integrity: sha512-4CrMT5DOHTDk4HYDlzmwu4FVCcIYI8gauveasrdCu2IKIFOJ3f0v/8MDGJCDL9oD2ppz/Av1b0Nj345H9M+XIA==}
    dependencies:
      sourcemap-codec: 1.4.8

  /memoize-one/6.0.0:
    resolution: {integrity: sha512-rkpe71W0N0c0Xz6QD0eJETuWAJGnJ9afsl1srmwPrI+yBCkge5EycXXbYRyvL29zZVUWQCY7InPRCv3GDXuZNw==}
    dev: false

  /merge2/1.4.1:
    resolution: {integrity: sha512-8q7VEgMJW4J8tcfVPy8g09NcQwZdbwFEqhe/WZkoIzjn/3TGDwtOCYtXGxA3O8tPzpczCCDgv+P2P5y00ZJOOg==}
    engines: {node: '>= 8'}
    dev: true

  /micromatch/4.0.4:
    resolution: {integrity: sha512-pRmzw/XUcwXGpD9aI9q/0XOwLNygjETJ8y0ao0wdqprrzDa4YnxLcz7fQRZr8voh8V10kGhABbNcHVk5wHgWwg==}
    engines: {node: '>=8.6'}
    dependencies:
      braces: 3.0.2
      picomatch: 2.3.0
    dev: true

  /minimatch/3.0.4:
    resolution: {integrity: sha512-yJHVQEhyqPLUTgt9B83PXu6W3rx4MvvHvSUvToogpwoGDOUQ+yDrR0HRot+yOCdCO7u4hX3pWft6kWBBcqh0UA==}
    dependencies:
      brace-expansion: 1.1.11
    dev: true

  /mlly/0.2.10:
    resolution: {integrity: sha512-xfyW6c2QBGArtctzNnTV5leOKX8nOMz2simeubtXofdsdSJFSNw+Ncvrs8kxcN3pBrQLXuYBHNFV6NgZ5Ryf4A==}
    dependencies:
      import-meta-resolve: 1.1.1
    dev: true

  /ms/2.1.2:
    resolution: {integrity: sha512-sGkPx+VjMtmA6MX27oA4FBFELFCZZ4S4XqeGOXCv68tT+jb3vk/RyaKWP0PTKyWtmLSM0b+adUTEvbs1PEaH2w==}
    dev: true

  /nanoid/3.1.30:
    resolution: {integrity: sha512-zJpuPDwOv8D2zq2WRoMe1HsfZthVewpel9CAvTfc/2mBD1uUT/agc5f7GHGWXlYkFvi1mVxe4IjvP2HNrop7nQ==}
    engines: {node: ^10 || ^12 || ^13.7 || ^14 || >=15.0.1}
    hasBin: true

  /normalize-path/3.0.0:
    resolution: {integrity: sha512-6eZs5Ls3WtCisHWp9S2GUy8dqkpGi4BVSz3GaqiE6ezub0512ESztXUwUB6C6IKbQkY2Pnb/mD4WYojCRwcwLA==}
    engines: {node: '>=0.10.0'}
    dev: true

  /normalize-wheel-es/1.1.1:
    resolution: {integrity: sha512-157VNH4CngrcsvF8xOVOe22cwniIR3nxSltdctvQeHZj8JttEeOXffK28jucWfWBXs0QNetAumjc1GiInnwX4w==}
    dev: false

  /path-parse/1.0.7:
    resolution: {integrity: sha512-LDJzPVEEEPR+y48z93A0Ed0yXb8pAByGWo/k5YYdYgpY2/2EsOsksJrq7lOHxryrVOn1ejG6oAp8ahvOIQD8sw==}
    dev: true

  /picocolors/1.0.0:
    resolution: {integrity: sha512-1fygroTLlHu66zi26VoTDv8yRgm0Fccecssto+MhsZ0D/DGW2sm8E8AjW7NU5VVTRt5GxbeZ5qBuJr+HyLYkjQ==}

  /picomatch/2.3.0:
    resolution: {integrity: sha512-lY1Q/PiJGC2zOv/z391WOTD+Z02bCgsFfvxoXXf6h7kv9o+WmsmzYqrAwY63sNgOxE4xEdq0WyUnXfKeBrSvYw==}
    engines: {node: '>=8.6'}
    dev: true

  /postcss/8.3.11:
    resolution: {integrity: sha512-hCmlUAIlUiav8Xdqw3Io4LcpA1DOt7h3LSTAC4G6JGHFFaWzI6qvFt9oilvl8BmkbBRX1IhM90ZAmpk68zccQA==}
    engines: {node: ^10 || ^12 || >=14}
    dependencies:
      nanoid: 3.1.30
      picocolors: 1.0.0
      source-map-js: 0.6.2

  /queue-microtask/1.2.3:
    resolution: {integrity: sha512-NuaNSa6flKT5JaSYQzJok04JzTL1CA6aGhv5rfLW3PgqA+M2ChpZQnAC8h8i4ZFkBS8X5RqkDBHA7r4hej3K9A==}
    dev: true

  /readdirp/3.6.0:
    resolution: {integrity: sha512-hOS089on8RduqdbhvQ5Z37A0ESjsqz6qnRcffsMU3495FuTdqSm+7bhJ29JvIOsBDEEnan5DPu9t3To9VRlMzA==}
    engines: {node: '>=8.10.0'}
    dependencies:
      picomatch: 2.3.0
    dev: true

  /resolve/1.20.0:
    resolution: {integrity: sha512-wENBPt4ySzg4ybFQW2TT1zMQucPK95HSh/nq2CFTZVOGut2+pQvSsgtda4d26YrYcr067wjbmzOG8byDPBX63A==}
    dependencies:
      is-core-module: 2.8.0
      path-parse: 1.0.7
    dev: true

  /reusify/1.0.4:
    resolution: {integrity: sha512-U9nH88a3fc/ekCF1l0/UP1IosiuIjyTh7hBvXVMHYgVcfGvt897Xguj2UOLDeI5BG2m7/uwyaLVT6fbtCwTyzw==}
    engines: {iojs: '>=1.0.0', node: '>=0.10.0'}
    dev: true

  /rollup/2.60.1:
    resolution: {integrity: sha512-akwfnpjY0rXEDSn1UTVfKXJhPsEBu+imi1gqBA1ZkHGydUnkV/fWCC90P7rDaLEW8KTwBcS1G3N4893Ndz+jwg==}
    engines: {node: '>=10.0.0'}
    hasBin: true
    optionalDependencies:
      fsevents: 2.3.2
    dev: true

  /run-parallel/1.2.0:
    resolution: {integrity: sha512-5l4VyZR86LZ/lDxZTR6jqL8AFE2S0IFLMP26AbjsLVADxHdhB/c0GUsH+y39UfCi3dzz8OlQuPmnaJOMoDHQBA==}
    dependencies:
      queue-microtask: 1.2.3
    dev: true

  /semver/7.3.5:
    resolution: {integrity: sha512-PoeGJYh8HK4BTO/a9Tf6ZG3veo/A7ZVsYrSA6J8ny9nb3B1VrpkuN+z9OE5wfE5p6H4LchYZsegiQgbJD94ZFQ==}
    engines: {node: '>=10'}
    hasBin: true
    dependencies:
      lru-cache: 6.0.0
    dev: true

  /source-map-js/0.6.2:
    resolution: {integrity: sha512-/3GptzWzu0+0MBQFrDKzw/DvvMTUORvgY6k6jd/VS6iCR4RDTKWH6v6WPwQoUO8667uQEf9Oe38DxAYWY5F/Ug==}
    engines: {node: '>=0.10.0'}

  /source-map/0.6.1:
    resolution: {integrity: sha512-UjgapumWlbMhkBgzT7Ykc5YXUT46F0iKu8SGXq0bcwP5dz/h0Plj6enJqjz1Zbq2l5WaqYnrVbwWOWMyF3F47g==}
    engines: {node: '>=0.10.0'}

  /sourcemap-codec/1.4.8:
    resolution: {integrity: sha512-9NykojV5Uih4lgo5So5dtw+f0JgJX30KCNI8gwhz2J9A15wD0Ml6tjHKwf6fTSa6fAdVBdZeNOs9eJ71qCk8vA==}

  /supports-color/7.2.0:
    resolution: {integrity: sha512-qpCAvRl9stuOHveKsn7HncJRvv501qIacKzQlO/+Lwxc9+0q2wLyv4Dfvt80/DPn2pqOBsJdDiogXGR9+OvwRw==}
    engines: {node: '>=8'}
    dependencies:
      has-flag: 4.0.0
    dev: true

  /to-regex-range/5.0.1:
    resolution: {integrity: sha512-65P7iz6X5yEr1cwcgvQxbbIw7Uk3gOy5dIdtZ4rDveLqhrdJP+Li/Hx6tyK0NEb+2GCyneCMJiGqrADCSNk8sQ==}
    engines: {node: '>=8.0'}
    dependencies:
      is-number: 7.0.0
    dev: true

  /universalify/2.0.0:
    resolution: {integrity: sha512-hAZsKq7Yy11Zu1DE0OzWjw7nnLZmJZYTDZZyEFHZdUhV8FkH5MCfoU1XMaxXovpyW5nq5scPqq0ZDP9Zyl04oQ==}
    engines: {node: '>= 10.0.0'}
    dev: true

  /unplugin-element-plus/0.1.3_vite@2.6.14+vue@3.2.22:
    resolution: {integrity: sha512-6GO1tuDIXcoYFkbL26Mrd84oUOgAHShcwn/xma5bwmBN2O0N0s13RbBDsK53vm4hxRKIVuFSSr659BkpmXWm2w==}
    peerDependencies:
      vue: '3'
    dependencies:
      '@rollup/pluginutils': 4.1.1
      es-module-lexer: 0.9.3
      magic-string: 0.25.7
      unplugin: 0.2.21_vite@2.6.14
      vue: 3.2.22
    transitivePeerDependencies:
      - rollup
      - vite
      - webpack
    dev: true

  /unplugin-vue-components/0.17.0_vite@2.6.14+vue@3.2.22:
    resolution: {integrity: sha512-KMh+5z9L256l2z1zpoy/9xhLjrpBvYyaEVgckC0sF6mLspTAB5tPJ4aOhpI+zB8Tu8owLqiw4DoOoMHFgYbQNQ==}
    engines: {node: '>=14'}
    peerDependencies:
      '@babel/parser': ^7.15.8
      '@babel/traverse': ^7.15.4
      vue: 2 || 3
    peerDependenciesMeta:
      '@babel/parser':
        optional: true
      '@babel/traverse':
        optional: true
    dependencies:
      '@antfu/utils': 0.3.0
      '@rollup/pluginutils': 4.1.1
      chokidar: 3.5.2
      debug: 4.3.2
      fast-glob: 3.2.7
      local-pkg: 0.1.0
      magic-string: 0.25.7
      minimatch: 3.0.4
      resolve: 1.20.0
      unplugin: 0.2.21_vite@2.6.14
      vue: 3.2.22
    transitivePeerDependencies:
      - rollup
      - supports-color
      - vite
      - webpack
    dev: true

  /unplugin/0.2.21_vite@2.6.14:
    resolution: {integrity: sha512-IJ15/L5XbhnV7J09Zjk0FT5HEkBjkXucWAXQWRsmEtUxmmxwh23yavrmDbCF6ZPxWiVB28+wnKIHePTRRpQPbQ==}
    peerDependencies:
      rollup: ^2.50.0
      vite: ^2.3.0
      webpack: 4 || 5
    peerDependenciesMeta:
      rollup:
        optional: true
      vite:
        optional: true
      webpack:
        optional: true
    dependencies:
      vite: 2.6.14
      webpack-virtual-modules: 0.4.3
    dev: true

  /vite-plugin-compression/0.3.5_vite@2.6.14:
    resolution: {integrity: sha512-W+zKccNTDRYPsM6MzbVGTX2hvnsVrxKfmGD2Z23VgqinFKhtmwGzNNFsnbslXbeTGHXclaE7MO5nm7O1cNY3ZA==}
    peerDependencies:
      vite: '>=2.0.0'
    dependencies:
      chalk: 4.1.2
      debug: 4.3.2
      fs-extra: 10.0.0
      vite: 2.6.14
    transitivePeerDependencies:
      - supports-color
    dev: true

  /vite-plugin-windicss/1.5.1_vite@2.6.14:
    resolution: {integrity: sha512-AUuRFT5Y7SfW9eclaKf5BOTZ7MMfkUZzOeVzqd9yq/uIwzWyleRtssCTuJgZ0+om+hnXn9YwcIpR26lsaasIbg==}
    peerDependencies:
      vite: ^2.0.1
    dependencies:
      '@windicss/plugin-utils': 1.5.1
      chalk: 4.1.2
      debug: 4.3.2
      vite: 2.6.14
      windicss: 3.2.1
    transitivePeerDependencies:
      - supports-color
    dev: true

  /vite/2.6.14:
    resolution: {integrity: sha512-2HA9xGyi+EhY2MXo0+A2dRsqsAG3eFNEVIo12olkWhOmc8LfiM+eMdrXf+Ruje9gdXgvSqjLI9freec1RUM5EA==}
    engines: {node: '>=12.2.0'}
    hasBin: true
    peerDependencies:
      less: '*'
      sass: '*'
      stylus: '*'
    peerDependenciesMeta:
      less:
        optional: true
      sass:
        optional: true
      stylus:
        optional: true
    dependencies:
      esbuild: 0.13.15
      postcss: 8.3.11
      resolve: 1.20.0
      rollup: 2.60.1
    optionalDependencies:
      fsevents: 2.3.2
    dev: true

  /vue-demi/0.12.1_vue@3.2.22:
    resolution: {integrity: sha512-QL3ny+wX8c6Xm1/EZylbgzdoDolye+VpCXRhI2hug9dJTP3OUJ3lmiKN3CsVV3mOJKwFi0nsstbgob0vG7aoIw==}
    engines: {node: '>=12'}
    hasBin: true
    requiresBuild: true
    peerDependencies:
      '@vue/composition-api': ^1.0.0-rc.1
      vue: ^3.0.0-0 || ^2.6.0
    peerDependenciesMeta:
      '@vue/composition-api':
        optional: true
    dependencies:
      vue: 3.2.22
    dev: false

  /vue-router/4.0.12_vue@3.2.22:
    resolution: {integrity: sha512-CPXvfqe+mZLB1kBWssssTiWg4EQERyqJZes7USiqfW9B5N2x+nHlnsM1D3b5CaJ6qgCvMmYJnz+G0iWjNCvXrg==}
    peerDependencies:
      vue: ^3.0.0
    dependencies:
      '@vue/devtools-api': 6.0.0-beta.20.1
      vue: 3.2.22
    dev: false

  /vue/3.2.22:
    resolution: {integrity: sha512-KD5nZpXVZquOC6926Xnp3zOvswrUyO9Rya7ZUoxWFQEjFDW4iACtwzubRB4Um2Om9kj6CaJOqAVRDSFlqLpdgw==}
    dependencies:
      '@vue/compiler-dom': 3.2.22
      '@vue/compiler-sfc': 3.2.22
      '@vue/runtime-dom': 3.2.22
      '@vue/server-renderer': 3.2.22_vue@3.2.22
      '@vue/shared': 3.2.22
    dev: false

  /webpack-virtual-modules/0.4.3:
    resolution: {integrity: sha512-5NUqC2JquIL2pBAAo/VfBP6KuGkHIZQXW/lNKupLPfhViwh8wNsu0BObtl09yuKZszeEUfbXz8xhrHvSG16Nqw==}
    dev: true

  /windicss/3.2.1:
    resolution: {integrity: sha512-LusrIrryBFHAPQ/OOTbS4EWWuzI6eGeJglI9nQ3kDBr1cqH69NWt8Z8q59f9kTkgptXroejmWfksWwqgHs8EVw==}
    engines: {node: '>= 12'}
    hasBin: true
    dev: true

  /yallist/4.0.0:
    resolution: {integrity: sha512-3wdGidZyq5PB084XLES5TpOSRA3wjXAlIWMhum2kRcv/41Sn2emQ0dycQW4uZXLejwKvg6EsvbdlVL+FYEct7A==}
    dev: true
